
Microsoft Visual Studio Solution File, Format Version 12.00
# Visual Studio Version 17
VisualStudioVersion = 17.1.32421.90
MinimumVisualStudioVersion = 10.0.40219.1
Project("{9A19103F-16F7-4668-BE54-9A1E7A4F7556}") = "ProvaWeek2.FedericaFloris.GestioneSpesa", "ProvaWeek2.FedericaFloris.GestioneSpesa\ProvaWeek2.FedericaFloris.GestioneSpesa.csproj", "{15D59CB0-071E-4646-B663-10E7F1DB773D}"
EndProject
Project("{FAE04EC0-301F-11D3-BF4B-00C04F79EFBC}") = "TestProjectSpesa", "TestProjectSpesa\TestProjectSpesa.csproj", "{5414D86D-4898-464B-9250-2BB59BF7342D}"
EndProject
Global
	GlobalSection(SolutionConfigurationPlatforms) = preSolution
		Debug|Any CPU = Debug|Any CPU
		Release|Any CPU = Release|Any CPU
	EndGlobalSection
	GlobalSection(ProjectConfigurationPlatforms) = postSolution
		{15D59CB0-071E-4646-B663-10E7F1DB773D}.Debug|Any CPU.ActiveCfg = Debug|Any CPU
		{15D59CB0-071E-4646-B663-10E7F1DB773D}.Debug|Any CPU.Build.0 = Debug|Any CPU
		{15D59CB0-071E-4646-B663-10E7F1DB773D}.Release|Any CPU.ActiveCfg = Release|Any CPU
		{15D59CB0-071E-4646-B663-10E7F1DB773D}.Release|Any CPU.Build.0 = Release|Any CPU
		{5414D86D-4898-464B-9250-2BB59BF7342D}.Debug|Any CPU.ActiveCfg = Debug|Any CPU
		{5414D86D-4898-464B-9250-2BB59BF7342D}.Debug|Any CPU.Build.0 = Debug|Any CPU
		{5414D86D-4898-464B-9250-2BB59BF7342D}.Release|Any CPU.ActiveCfg = Release|Any CPU
		{5414D86D-4898-464B-9250-2BB59BF7342D}.Release|Any CPU.Build.0 = Release|Any CPU
	EndGlobalSection
	GlobalSection(SolutionProperties) = preSolution
		HideSolutionNode = FALSE
	EndGlobalSection
	GlobalSection(ExtensibilityGlobals) = postSolution
		SolutionGuid = {BEEE0D06-D73A-418D-B43E-E951E07DA15E}
	EndGlobalSection
EndGlobal
